// !$*UTF8*$!
{
	archiveVersion = 1;
	classes = {
	};
	objectVersion = 50;
	objects = {

/* Begin PBXBuildFile section */
		2885B767243A2BB100A0B1A4 /* UIDevice+Extension.swift in Sources */ = {isa = PBXBuildFile; fileRef = 2885B762243A2BB100A0B1A4 /* UIDevice+Extension.swift */; };
		2885B768243A2BB100A0B1A4 /* IBLayoutConstraint.swift in Sources */ = {isa = PBXBuildFile; fileRef = 2885B763243A2BB100A0B1A4 /* IBLayoutConstraint.swift */; };
		2885B769243A2BB100A0B1A4 /* UIView+Extension.swift in Sources */ = {isa = PBXBuildFile; fileRef = 2885B764243A2BB100A0B1A4 /* UIView+Extension.swift */; };
		2885B76A243A2BB100A0B1A4 /* UIScreen+Extension.swift in Sources */ = {isa = PBXBuildFile; fileRef = 2885B765243A2BB100A0B1A4 /* UIScreen+Extension.swift */; };
		2885B76B243A2BB100A0B1A4 /* IBMultiplierLayoutConstraint.swift in Sources */ = {isa = PBXBuildFile; fileRef = 2885B766243A2BB100A0B1A4 /* IBMultiplierLayoutConstraint.swift */; };
		2885B776243A2ED600A0B1A4 /* ViewController.swift in Sources */ = {isa = PBXBuildFile; fileRef = 2885B76D243A2ED600A0B1A4 /* ViewController.swift */; };
		2885B777243A2ED600A0B1A4 /* Assets.xcassets in Resources */ = {isa = PBXBuildFile; fileRef = 2885B76E243A2ED600A0B1A4 /* Assets.xcassets */; };
		2885B778243A2ED600A0B1A4 /* LaunchScreen.storyboard in Resources */ = {isa = PBXBuildFile; fileRef = 2885B76F243A2ED600A0B1A4 /* LaunchScreen.storyboard */; };
		2885B779243A2ED600A0B1A4 /* Main.storyboard in Resources */ = {isa = PBXBuildFile; fileRef = 2885B771243A2ED600A0B1A4 /* Main.storyboard */; };
		2885B77A243A2ED600A0B1A4 /* AppDelegate.swift in Sources */ = {isa = PBXBuildFile; fileRef = 2885B773243A2ED600A0B1A4 /* AppDelegate.swift */; };
		2885B77B243A2ED600A0B1A4 /* Info.plist in Resources */ = {isa = PBXBuildFile; fileRef = 2885B774243A2ED600A0B1A4 /* Info.plist */; };
		2885B77C243A2ED600A0B1A4 /* SceneDelegate.swift in Sources */ = {isa = PBXBuildFile; fileRef = 2885B775243A2ED600A0B1A4 /* SceneDelegate.swift */; };
/* End PBXBuildFile section */

/* Begin PBXFileReference section */
		2885B73F2437C12100A0B1A4 /* LayoutConstraint-Example.app */ = {isa = PBXFileReference; explicitFileType = wrapper.application; includeInIndex = 0; path = "LayoutConstraint-Example.app"; sourceTree = BUILT_PRODUCTS_DIR; };
		2885B762243A2BB100A0B1A4 /* UIDevice+Extension.swift */ = {isa = PBXFileReference; fileEncoding = 4; lastKnownFileType = sourcecode.swift; path = "UIDevice+Extension.swift"; sourceTree = "<group>"; };
		2885B763243A2BB100A0B1A4 /* IBLayoutConstraint.swift */ = {isa = PBXFileReference; fileEncoding = 4; lastKnownFileType = sourcecode.swift; path = IBLayoutConstraint.swift; sourceTree = "<group>"; };
		2885B764243A2BB100A0B1A4 /* UIView+Extension.swift */ = {isa = PBXFileReference; fileEncoding = 4; lastKnownFileType = sourcecode.swift; path = "UIView+Extension.swift"; sourceTree = "<group>"; };
		2885B765243A2BB100A0B1A4 /* UIScreen+Extension.swift */ = {isa = PBXFileReference; fileEncoding = 4; lastKnownFileType = sourcecode.swift; path = "UIScreen+Extension.swift"; sourceTree = "<group>"; };
		2885B766243A2BB100A0B1A4 /* IBMultiplierLayoutConstraint.swift */ = {isa = PBXFileReference; fileEncoding = 4; lastKnownFileType = sourcecode.swift; path = IBMultiplierLayoutConstraint.swift; sourceTree = "<group>"; };
		2885B76D243A2ED600A0B1A4 /* ViewController.swift */ = {isa = PBXFileReference; fileEncoding = 4; lastKnownFileType = sourcecode.swift; path = ViewController.swift; sourceTree = "<group>"; };
		2885B76E243A2ED600A0B1A4 /* Assets.xcassets */ = {isa = PBXFileReference; lastKnownFileType = folder.assetcatalog; path = Assets.xcassets; sourceTree = "<group>"; };
		2885B770243A2ED600A0B1A4 /* Base */ = {isa = PBXFileReference; lastKnownFileType = file.storyboard; name = Base; path = Base.lproj/LaunchScreen.storyboard; sourceTree = "<group>"; };
		2885B772243A2ED600A0B1A4 /* Base */ = {isa = PBXFileReference; lastKnownFileType = file.storyboard; name = Base; path = Base.lproj/Main.storyboard; sourceTree = "<group>"; };
		2885B773243A2ED600A0B1A4 /* AppDelegate.swift */ = {isa = PBXFileReference; fileEncoding = 4; lastKnownFileType = sourcecode.swift; path = AppDelegate.swift; sourceTree = "<group>"; };
		2885B774243A2ED600A0B1A4 /* Info.plist */ = {isa = PBXFileReference; fileEncoding = 4; lastKnownFileType = text.plist.xml; path = Info.plist; sourceTree = "<group>"; };
		2885B775243A2ED600A0B1A4 /* SceneDelegate.swift */ = {isa = PBXFileReference; fileEncoding = 4; lastKnownFileType = sourcecode.swift; path = SceneDelegate.swift; sourceTree = "<group>"; };
/* End PBXFileReference section */

/* Begin PBXFrameworksBuildPhase section */
		2885B73C2437C12100A0B1A4 /* Frameworks */ = {
			isa = PBXFrameworksBuildPhase;
			buildActionMask = 2147483647;
			files = (
			);
			runOnlyForDeploymentPostprocessing = 0;
		};
/* End PBXFrameworksBuildPhase section */

/* Begin PBXGroup section */
		2885B7362437C12100A0B1A4 = {
			isa = PBXGroup;
			children = (
				2885B761243A2BB100A0B1A4 /* Sources */,
				2885B76C243A2ED600A0B1A4 /* LayoutConstraint-Example */,
				2885B7402437C12100A0B1A4 /* Products */,
			);
			sourceTree = "<group>";
		};
		2885B7402437C12100A0B1A4 /* Products */ = {
			isa = PBXGroup;
			children = (
				2885B73F2437C12100A0B1A4 /* LayoutConstraint-Example.app */,
			);
			name = Products;
			sourceTree = "<group>";
		};
		2885B761243A2BB100A0B1A4 /* Sources */ = {
			isa = PBXGroup;
			children = (
				2885B762243A2BB100A0B1A4 /* UIDevice+Extension.swift */,
				2885B763243A2BB100A0B1A4 /* IBLayoutConstraint.swift */,
				2885B764243A2BB100A0B1A4 /* UIView+Extension.swift */,
				2885B765243A2BB100A0B1A4 /* UIScreen+Extension.swift */,
				2885B766243A2BB100A0B1A4 /* IBMultiplierLayoutConstraint.swift */,
			);
			path = Sources;
			sourceTree = "<group>";
		};
		2885B76C243A2ED600A0B1A4 /* LayoutConstraint-Example */ = {
			isa = PBXGroup;
			children = (
				2885B76D243A2ED600A0B1A4 /* ViewController.swift */,
				2885B76E243A2ED600A0B1A4 /* Assets.xcassets */,
				2885B76F243A2ED600A0B1A4 /* LaunchScreen.storyboard */,
				2885B771243A2ED600A0B1A4 /* Main.storyboard */,
				2885B773243A2ED600A0B1A4 /* AppDelegate.swift */,
				2885B774243A2ED600A0B1A4 /* Info.plist */,
				2885B775243A2ED600A0B1A4 /* SceneDelegate.swift */,
			);
			path = "LayoutConstraint-Example";
			sourceTree = SOURCE_ROOT;
		};
/* End PBXGroup section */

/* Begin PBXNativeTarget section */
		2885B73E2437C12100A0B1A4 /* LayoutConstraint-Example */ = {
			isa = PBXNativeTarget;
			buildConfigurationList = 2885B7532437C12300A0B1A4 /* Build configuration list for PBXNativeTarget "LayoutConstraint-Example" */;
			buildPhases = (
				2885B73B2437C12100A0B1A4 /* Sources */,
				2885B73C2437C12100A0B1A4 /* Frameworks */,
				2885B73D2437C12100A0B1A4 /* Resources */,
			);
			buildRules = (
			);
			dependencies = (
			);
			name = "LayoutConstraint-Example";
			productName = LayoutConstraint;
			productReference = 2885B73F2437C12100A0B1A4 /* LayoutConstraint-Example.app */;
			productType = "com.apple.product-type.application";
		};
/* End PBXNativeTarget section */

/* Begin PBXProject section */
		2885B7372437C12100A0B1A4 /* Project object */ = {
			isa = PBXProject;
			attributes = {
				LastSwiftUpdateCheck = 1140;
				LastUpgradeCheck = 1140;
				ORGANIZATIONNAME = "Maks Kurpa";
				TargetAttributes = {
					2885B73E2437C12100A0B1A4 = {
						CreatedOnToolsVersion = 11.4;
					};
				};
			};
			buildConfigurationList = 2885B73A2437C12100A0B1A4 /* Build configuration list for PBXProject "LayoutConstraint-Example" */;
			compatibilityVersion = "Xcode 9.3";
			developmentRegion = en;
			hasScannedForEncodings = 0;
			knownRegions = (
				en,
				Base,
			);
			mainGroup = 2885B7362437C12100A0B1A4;
			productRefGroup = 2885B7402437C12100A0B1A4 /* Products */;
			projectDirPath = "";
			projectRoot = "";
			targets = (
				2885B73E2437C12100A0B1A4 /* LayoutConstraint-Example */,
			);
		};
/* End PBXProject section */

/* Begin PBXResourcesBuildPhase section */
		2885B73D2437C12100A0B1A4 /* Resources */ = {
			isa = PBXResourcesBuildPhase;
			buildActionMask = 2147483647;
			files = (
				2885B77B243A2ED600A0B1A4 /* Info.plist in Resources */,
				2885B779243A2ED600A0B1A4 /* Main.storyboard in Resources */,
				2885B777243A2ED600A0B1A4 /* Assets.xcassets in Resources */,
				2885B778243A2ED600A0B1A4 /* LaunchScreen.storyboard in Resources */,
			);
			runOnlyForDeploymentPostprocessing = 0;
		};
/* End PBXResourcesBuildPhase section */

/* Begin PBXSourcesBuildPhase section */
		2885B73B2437C12100A0B1A4 /* Sources */ = {
			isa = PBXSourcesBuildPhase;
			buildActionMask = 2147483647;
			files = (
				2885B776243A2ED600A0B1A4 /* ViewController.swift in Sources */,
				2885B769243A2BB100A0B1A4 /* UIView+Extension.swift in Sources */,
				2885B768243A2BB100A0B1A4 /* IBLayoutConstraint.swift in Sources */,
				2885B76B243A2BB100A0B1A4 /* IBMultiplierLayoutConstraint.swift in Sources */,
				2885B77A243A2ED600A0B1A4 /* AppDelegate.swift in Sources */,
				2885B767243A2BB100A0B1A4 /* UIDevice+Extension.swift in Sources */,
				2885B76A243A2BB100A0B1A4 /* UIScreen+Extension.swift in Sources */,
				2885B77C243A2ED600A0B1A4 /* SceneDelegate.swift in Sources */,
			);
			runOnlyForDeploymentPostprocessing = 0;
		};
/* End PBXSourcesBuildPhase section */

/* Begin PBXVariantGroup section */
		2885B76F243A2ED600A0B1A4 /* LaunchScreen.storyboard */ = {
			isa = PBXVariantGroup;
			children = (
				2885B770243A2ED600A0B1A4 /* Base */,
			);
			name = LaunchScreen.storyboard;
			sourceTree = "<group>";
		};
		2885B771243A2ED600A0B1A4 /* Main.storyboard */ = {
			isa = PBXVariantGroup;
			children = (
				2885B772243A2ED600A0B1A4 /* Base */,
			);
			name = Main.storyboard;
			sourceTree = "<group>";
		};
/* End PBXVariantGroup section */

/* Begin XCBuildConfiguration section */
		2885B7512437C12300A0B1A4 /* Debug */ = {
			isa = XCBuildConfiguration;
			buildSettings = {
				ALWAYS_SEARCH_USER_PATHS = NO;
				CLANG_ANALYZER_NONNULL = YES;
				CLANG_ANALYZER_NUMBER_OBJECT_CONVERSION = YES_AGGRESSIVE;
				CLANG_CXX_LANGUAGE_STANDARD = "gnu++14";
				CLANG_CXX_LIBRARY = "libc++";
				CLANG_ENABLE_MODULES = YES;
				CLANG_ENABLE_OBJC_ARC = YES;
				CLANG_ENABLE_OBJC_WEAK = YES;
				CLANG_WARN_BLOCK_CAPTURE_AUTORELEASING = YES;
				CLANG_WARN_BOOL_CONVERSION = YES;
				CLANG_WARN_COMMA = YES;
				CLANG_WARN_CONSTANT_CONVERSION = YES;
				CLANG_WARN_DEPRECATED_OBJC_IMPLEMENTATIONS = YES;
				CLANG_WARN_DIRECT_OBJC_ISA_USAGE = YES_ERROR;
				CLANG_WARN_DOCUMENTATION_COMMENTS = YES;
				CLANG_WARN_EMPTY_BODY = YES;
				CLANG_WARN_ENUM_CONVERSION = YES;
				CLANG_WARN_INFINITE_RECURSION = YES;
				CLANG_WARN_INT_CONVERSION = YES;
				CLANG_WARN_NON_LITERAL_NULL_CONVERSION = YES;
				CLANG_WARN_OBJC_IMPLICIT_RETAIN_SELF = YES;
				CLANG_WARN_OBJC_LITERAL_CONVERSION = YES;
				CLANG_WARN_OBJC_ROOT_CLASS = YES_ERROR;
				CLANG_WARN_RANGE_LOOP_ANALYSIS = YES;
				CLANG_WARN_STRICT_PROTOTYPES = YES;
				CLANG_WARN_SUSPICIOUS_MOVE = YES;
				CLANG_WARN_UNGUARDED_AVAILABILITY = YES_AGGRESSIVE;
				CLANG_WARN_UNREACHABLE_CODE = YES;
				CLANG_WARN__DUPLICATE_METHOD_MATCH = YES;
				COPY_PHASE_STRIP = NO;
				DEBUG_INFORMATION_FORMAT = dwarf;
				ENABLE_STRICT_OBJC_MSGSEND = YES;
				ENABLE_TESTABILITY = YES;
				GCC_C_LANGUAGE_STANDARD = gnu11;
				GCC_DYNAMIC_NO_PIC = NO;
				GCC_NO_COMMON_BLOCKS = YES;
				GCC_OPTIMIZATION_LEVEL = 0;
				GCC_PREPROCESSOR_DEFINITIONS = (
					"DEBUG=1",
					"$(inherited)",
				);
				GCC_WARN_64_TO_32_BIT_CONVERSION = YES;
				GCC_WARN_ABOUT_RETURN_TYPE = YES_ERROR;
				GCC_WARN_UNDECLARED_SELECTOR = YES;
				GCC_WARN_UNINITIALIZED_AUTOS = YES_AGGRESSIVE;
				GCC_WARN_UNUSED_FUNCTION = YES;
				GCC_WARN_UNUSED_VARIABLE = YES;
				IPHONEOS_DEPLOYMENT_TARGET = 13.4;
				MTL_ENABLE_DEBUG_INFO = INCLUDE_SOURCE;
				MTL_FAST_MATH = YES;
				ONLY_ACTIVE_ARCH = YES;
				SDKROOT = iphoneos;
				SWIFT_ACTIVE_COMPILATION_CONDITIONS = DEBUG;
				SWIFT_OPTIMIZATION_LEVEL = "-Onone";
			};
			name = Debug;
		};
		2885B7522437C12300A0B1A4 /* Release */ = {
			isa = XCBuildConfiguration;
			buildSettings = {
				ALWAYS_SEARCH_USER_PATHS = NO;
				CLANG_ANALYZER_NONNULL = YES;
				CLANG_ANALYZER_NUMBER_OBJECT_CONVERSION = YES_AGGRESSIVE;
				CLANG_CXX_LANGUAGE_STANDARD = "gnu++14";
				CLANG_CXX_LIBRARY = "libc++";
				CLANG_ENABLE_MODULES = YES;
				CLANG_ENABLE_OBJC_ARC = YES;
				CLANG_ENABLE_OBJC_WEAK = YES;
				CLANG_WARN_BLOCK_CAPTURE_AUTORELEASING = YES;
				CLANG_WARN_BOOL_CONVERSION = YES;
				CLANG_WARN_COMMA = YES;
				CLANG_WARN_CONSTANT_CONVERSION = YES;
				CLANG_WARN_DEPRECATED_OBJC_IMPLEMENTATIONS = YES;
				CLANG_WARN_DIRECT_OBJC_ISA_USAGE = YES_ERROR;
				CLANG_WARN_DOCUMENTATION_COMMENTS = YES;
				CLANG_WARN_EMPTY_BODY = YES;
				CLANG_WARN_ENUM_CONVERSION = YES;
				CLANG_WARN_INFINITE_RECURSION = YES;
				CLANG_WARN_INT_CONVERSION = YES;
				CLANG_WARN_NON_LITERAL_NULL_CONVERSION = YES;
				CLANG_WARN_OBJC_IMPLICIT_RETAIN_SELF = YES;
				CLANG_WARN_OBJC_LITERAL_CONVERSION = YES;
				CLANG_WARN_OBJC_ROOT_CLASS = YES_ERROR;
				CLANG_WARN_RANGE_LOOP_ANALYSIS = YES;
				CLANG_WARN_STRICT_PROTOTYPES = YES;
				CLANG_WARN_SUSPICIOUS_MOVE = YES;
				CLANG_WARN_UNGUARDED_AVAILABILITY = YES_AGGRESSIVE;
				CLANG_WARN_UNREACHABLE_CODE = YES;
				CLANG_WARN__DUPLICATE_METHOD_MATCH = YES;
				COPY_PHASE_STRIP = NO;
				DEBUG_INFORMATION_FORMAT = "dwarf-with-dsym";
				ENABLE_NS_ASSERTIONS = NO;
				ENABLE_STRICT_OBJC_MSGSEND = YES;
				GCC_C_LANGUAGE_STANDARD = gnu11;
				GCC_NO_COMMON_BLOCKS = YES;
				GCC_WARN_64_TO_32_BIT_CONVERSION = YES;
				GCC_WARN_ABOUT_RETURN_TYPE = YES_ERROR;
				GCC_WARN_UNDECLARED_SELECTOR = YES;
				GCC_WARN_UNINITIALIZED_AUTOS = YES_AGGRESSIVE;
				GCC_WARN_UNUSED_FUNCTION = YES;
				GCC_WARN_UNUSED_VARIABLE = YES;
				IPHONEOS_DEPLOYMENT_TARGET = 13.4;
				MTL_ENABLE_DEBUG_INFO = NO;
				MTL_FAST_MATH = YES;
				SDKROOT = iphoneos;
				SWIFT_COMPILATION_MODE = wholemodule;
				SWIFT_OPTIMIZATION_LEVEL = "-O";
				VALIDATE_PRODUCT = YES;
			};
			name = Release;
		};
		2885B7542437C12300A0B1A4 /* Debug */ = {
			isa = XCBuildConfiguration;
			buildSettings = {
				ASSETCATALOG_COMPILER_APPICON_NAME = AppIcon;
				CODE_SIGN_STYLE = Manual;
				DEVELOPMENT_TEAM = "";
				INFOPLIST_FILE = LayoutConstraint/Info.plist;
				LD_RUNPATH_SEARCH_PATHS = (
					"$(inherited)",
					"@executable_path/Frameworks",
				);
				PRODUCT_BUNDLE_IDENTIFIER = com.yourcompany.layotconstraint;
				PRODUCT_NAME = "$(TARGET_NAME)";
				PROVISIONING_PROFILE_SPECIFIER = "";
				SWIFT_VERSION = 5.0;
				TARGETED_DEVICE_FAMILY = "1,2";
			};
			name = Debug;
		};
		2885B7552437C12300A0B1A4 /* Release */ = {
			isa = XCBuildConfiguration;
			buildSettings = {
				ASSETCATALOG_COMPILER_APPICON_NAME = AppIcon;
				CODE_SIGN_STYLE = Manual;
				DEVELOPMENT_TEAM = "";
				INFOPLIST_FILE = LayoutConstraint/Info.plist;
				LD_RUNPATH_SEARCH_PATHS = (
					"$(inherited)",
					"@executable_path/Frameworks",
				);
				PRODUCT_BUNDLE_IDENTIFIER = com.yourcompany.layotconstraint;
				PRODUCT_NAME = "$(TARGET_NAME)";
				PROVISIONING_PROFILE_SPECIFIER = "";
				SWIFT_VERSION = 5.0;
				TARGETED_DEVICE_FAMILY = "1,2";
			};
			name = Release;
		};
/* End XCBuildConfiguration section */

/* Begin XCConfigurationList section */
		2885B73A2437C12100A0B1A4 /* Build configuration list for PBXProject "LayoutConstraint-Example" */ = {
			isa = XCConfigurationList;
			buildConfigurations = (
				2885B7512437C12300A0B1A4 /* Debug */,
				2885B7522437C12300A0B1A4 /* Release */,
			);
			defaultConfigurationIsVisible = 0;
			defaultConfigurationName = Release;
		};
		2885B7532437C12300A0B1A4 /* Build configuration list for PBXNativeTarget "LayoutConstraint-Example" */ = {
			isa = XCConfigurationList;
			buildConfigurations = (
				2885B7542437C12300A0B1A4 /* Debug */,
				2885B7552437C12300A0B1A4 /* Release */,
			);
			defaultConfigurationIsVisible = 0;
			defaultConfigurationName = Release;
		};
/* End XCConfigurationList section */
	};
	rootObject = 2885B7372437C12100A0B1A4 /* Project object */;
}
